{
  "meteor": {},
  "dependencies": {
    "basePackages": {
      "jade": {},
      "npm": {}
    },
    "packages": {
      "jade": {
        "git": "https://github.com/mquandalle/meteor-jade.git",
        "tag": "v0.2.1",
        "commit": "969fc3dd0adbb15304e3e13c3e27260398d89503"
      },
      "npm": {
        "git": "https://github.com/arunoda/meteor-npm.git",
        "tag": "v0.2.6",
        "commit": "177ab6118de5bf8cffb19481343d5762ff7a2aaf"
      }
    }
  }
}
